
Microsoft Visual Studio Solution File, Format Version 12.00
# Visual Studio Version 17
VisualStudioVersion = 17.11.35222.181
MinimumVisualStudioVersion = 10.0.40219.1
Project("{888888A0-9F3D-457C-B088-3A5042F75D52}") = "Siankang0.0.1", "Siankang0.0.1.pyproj", "{B653F50A-7320-4A2F-868A-8191B571F20E}"
EndProject
Global
	GlobalSection(SolutionConfigurationPlatforms) = preSolution
		Debug|Any CPU = Debug|Any CPU
		Release|Any CPU = Release|Any CPU
	EndGlobalSection
	GlobalSection(ProjectConfigurationPlatforms) = postSolution
		{B653F50A-7320-4A2F-868A-8191B571F20E}.Debug|Any CPU.ActiveCfg = Debug|Any CPU
		{B653F50A-7320-4A2F-868A-8191B571F20E}.Release|Any CPU.ActiveCfg = Release|Any CPU
	EndGlobalSection
	GlobalSection(SolutionProperties) = preSolution
		HideSolutionNode = FALSE
	EndGlobalSection
	GlobalSection(ExtensibilityGlobals) = postSolution
		SolutionGuid = {0E617604-557C-4060-ACD5-50D4CEDE40ED}
	EndGlobalSection
EndGlobal
